{
  "name": "beatbox",
  "version": "1.0.0",
  "lockfileVersion": 3,
  "requires": true,
  "packages": {
    "": {
      "name": "beatbox",
      "version": "1.0.0",
      "license": "ISC",
      "dependencies": {
        "@mediabunny/mp3-encoder": "^1.61.0",
        "mediabunny": "^1.61.0"
      }
    },
    "node_modules/@mediabunny/mp3-encoder": {
      "version": "1.61.0",
      "resolved": "https://registry.npmjs.org/@mediabunny/mp3-encoder/-/mp3-encoder-1.61.0.tgz",
      "integrity": "sha512-b9IFKx5Dm2+OZNqXd0of+jPPGiHCGzuD5B0oCbx73Z051KyRPbrg+yMZODKbKZeyPOlgJWh8CtZFw0l4DkLGWQ==",
      "license": "MPL-2.0",
      "funding": {
        "type": "individual",
        "url": "https://github.com/sponsors/Vanilagy"
      },
      "peerDependencies": {
        "mediabunny": "^1.0.0"
      }
    },
    "node_modules/@types/dom-mediacapture-transform": {
      "version": "0.1.12",
      "resolved": "https://registry.npmjs.org/@types/dom-mediacapture-transform/-/dom-mediacapture-transform-0.1.12.tgz",
      "integrity": "sha512-d7/QsLRwF864A5mgIM/YrfiglHoYn7zgCcAoJgW404r+2DwnNr7EBbLnCWpmOMgH8y0te73L1AV6H1bmauaWFw==",
      "license": "MIT",
      "dependencies": {
        "@types/dom-webcodecs": "*"
      }
    },
    "node_modules/@types/dom-webcodecs": {
      "version": "0.1.13",
      "resolved": "https://registry.npmjs.org/@types/dom-webcodecs/-/dom-webcodecs-0.1.13.tgz",
      "integrity": "sha512-O5hkiFIcjjszPIYyUSyvScyvrBoV3NOEEZx/pMlsu44TKzWNkLVBBxnxJz42in5n3QIolYOcBYFCPZZ0h8SkwQ==",
      "license": "MIT"
    },
    "node_modules/mediabunny": {
      "version": "1.61.0",
      "resolved": "https://registry.npmjs.org/mediabunny/-/mediabunny-1.61.0.tgz",
      "integrity": "sha512-WciPOYwKZwgYkoBKcEK6JzzIf+w5whypPzFdOihOylZ/5Qv19FmNfRnTcaprH+jD136YpEASU30Eb6VNCJiz3A==",
      "license": "MPL-2.0",
      "workspaces": [
        ".",
        "packages/*"
      ],
      "dependencies": {
        "@types/dom-mediacapture-transform": "^0.1.11",
        "@types/dom-webcodecs": "0.1.13"
      },
      "funding": {
        "type": "individual",
        "url": "https://github.com/sponsors/Vanilagy"
      }
    }
  }
}
